
Microsoft Visual Studio Solution File, Format Version 12.00
# Visual Studio Version 17
VisualStudioVersion = 17.7.34221.43
MinimumVisualStudioVersion = 10.0.40219.1
Project("{FAE04EC0-301F-11D3-BF4B-00C04F79EFBC}") = "Adonet", "Adonet\Adonet.csproj", "{D8F8BB38-DC6D-4A87-9B31-C292BDB7155B}"
EndProject
Global
	GlobalSection(SolutionConfigurationPlatforms) = preSolution
		Debug|Any CPU = Debug|Any CPU
		Release|Any CPU = Release|Any CPU
	EndGlobalSection
	GlobalSection(ProjectConfigurationPlatforms) = postSolution
		{D8F8BB38-DC6D-4A87-9B31-C292BDB7155B}.Debug|Any CPU.ActiveCfg = Debug|Any CPU
		{D8F8BB38-DC6D-4A87-9B31-C292BDB7155B}.Debug|Any CPU.Build.0 = Debug|Any CPU
		{D8F8BB38-DC6D-4A87-9B31-C292BDB7155B}.Release|Any CPU.ActiveCfg = Release|Any CPU
		{D8F8BB38-DC6D-4A87-9B31-C292BDB7155B}.Release|Any CPU.Build.0 = Release|Any CPU
	EndGlobalSection
	GlobalSection(SolutionProperties) = preSolution
		HideSolutionNode = FALSE
	EndGlobalSection
	GlobalSection(ExtensibilityGlobals) = postSolution
		SolutionGuid = {642EA056-90B1-4A58-A1E8-BFBEF9E978FB}
	EndGlobalSection
EndGlobal
